
Microsoft Visual Studio Solution File, Format Version 12.00
# Visual Studio 2013
VisualStudioVersion = 12.0.31101.0
MinimumVisualStudioVersion = 10.0.40219.1
Project("{2150E333-8FDC-42A3-9474-1A3956D46DE8}") = "src", "src", "{9AF38F99-BF64-41BC-9AE2-087475758191}"
EndProject
Project("{2150E333-8FDC-42A3-9474-1A3956D46DE8}") = "docs", "docs", "{AE74F65D-7C02-468E-81A9-8BCB6958408A}"
	ProjectSection(SolutionItems) = preProject
		docs\Home.md = docs\Home.md
	EndProjectSection
EndProject
Project("{2150E333-8FDC-42A3-9474-1A3956D46DE8}") = "Solution Items", "Solution Items", "{52BC948B-B7FB-4D66-9390-C4CB0E8B17E5}"
	ProjectSection(SolutionItems) = preProject
		README.md = README.md
	EndProjectSection
EndProject
Project("{2150E333-8FDC-42A3-9474-1A3956D46DE8}") = "Framework", "Framework", "{2B7DC1DC-96A7-4B69-93BC-9415BC00568D}"
	ProjectSection(SolutionItems) = preProject
		src\Framework\Readme.md = src\Framework\Readme.md
	EndProjectSection
EndProject
Project("{2150E333-8FDC-42A3-9474-1A3956D46DE8}") = "Samples", "Samples", "{592DF3FF-7E8F-4AA9-B89A-F6146A0932D6}"
	ProjectSection(SolutionItems) = preProject
		src\Samples\Readme.md = src\Samples\Readme.md
	EndProjectSection
EndProject
Project("{2150E333-8FDC-42A3-9474-1A3956D46DE8}") = "Contacts", "Contacts", "{55B82E15-435A-4E1F-A469-92CD0C06D02E}"
EndProject
Project("{FAE04EC0-301F-11D3-BF4B-00C04F79EFBC}") = "Contacts.Commands", "src\Samples\Contacts\Contacts.Commands\Contacts.Commands.csproj", "{FA6921FF-1940-4258-AF75-F02B819FD3C4}"
EndProject
Project("{FAE04EC0-301F-11D3-BF4B-00C04F79EFBC}") = "SharpDomain", "src\Framework\SharpDomain\SharpDomain.csproj", "{9B4C2D63-4D1C-4804-9D13-EFBA182D14D0}"
EndProject
Project("{FAE04EC0-301F-11D3-BF4B-00C04F79EFBC}") = "Contacts.Events", "src\Samples\Contacts\Contacts.Events\Contacts.Events.csproj", "{72B093A4-B70E-4904-B877-8953832AEBC1}"
EndProject
Project("{FAE04EC0-301F-11D3-BF4B-00C04F79EFBC}") = "Contacts.CommandProcessing", "src\Samples\Contacts\Contacts.CommandProcessing\Contacts.CommandProcessing.csproj", "{13E92E54-BCC1-4A58-8E67-A352F4F9569D}"
EndProject
Project("{FAE04EC0-301F-11D3-BF4B-00C04F79EFBC}") = "Contacts.CommandProcessing.Specs", "src\Samples\Contacts\Contacts.CommandProcessing.Specs\Contacts.CommandProcessing.Specs.csproj", "{70DD818B-8A48-4BF6-B3B8-E3076F0FDE61}"
EndProject
Project("{FAE04EC0-301F-11D3-BF4B-00C04F79EFBC}") = "SharpDomain.Specs", "src\Framework\SharpDomain.Specs\SharpDomain.Specs.csproj", "{EC7A2739-27AD-481E-9D4A-73BBC9FE78B8}"
EndProject
Project("{FAE04EC0-301F-11D3-BF4B-00C04F79EFBC}") = "SharpDomain.SpecsUtils", "src\Framework\SharpDomain.SpecsUtils\SharpDomain.SpecsUtils.csproj", "{C3D452E2-9B96-4FF2-8610-55BAA3112857}"
EndProject
Project("{2150E333-8FDC-42A3-9474-1A3956D46DE8}") = "CSTemplates", "CSTemplates", "{139C64DC-2C1C-491B-A6BB-B73FB62B65B6}"
EndProject
Project("{FAE04EC0-301F-11D3-BF4B-00C04F79EFBC}") = "SharpDomain.Models", "src\Framework\SharpDomain.Models\SharpDomain.Models.csproj", "{2246BF28-022E-4B2F-A95C-B212B5BD1BE1}"
EndProject
Global
	GlobalSection(SolutionConfigurationPlatforms) = preSolution
		Debug|Any CPU = Debug|Any CPU
		Release|Any CPU = Release|Any CPU
	EndGlobalSection
	GlobalSection(ProjectConfigurationPlatforms) = postSolution
		{FA6921FF-1940-4258-AF75-F02B819FD3C4}.Debug|Any CPU.ActiveCfg = Debug|Any CPU
		{FA6921FF-1940-4258-AF75-F02B819FD3C4}.Debug|Any CPU.Build.0 = Debug|Any CPU
		{FA6921FF-1940-4258-AF75-F02B819FD3C4}.Release|Any CPU.ActiveCfg = Release|Any CPU
		{FA6921FF-1940-4258-AF75-F02B819FD3C4}.Release|Any CPU.Build.0 = Release|Any CPU
		{9B4C2D63-4D1C-4804-9D13-EFBA182D14D0}.Debug|Any CPU.ActiveCfg = Debug|Any CPU
		{9B4C2D63-4D1C-4804-9D13-EFBA182D14D0}.Debug|Any CPU.Build.0 = Debug|Any CPU
		{9B4C2D63-4D1C-4804-9D13-EFBA182D14D0}.Release|Any CPU.ActiveCfg = Release|Any CPU
		{9B4C2D63-4D1C-4804-9D13-EFBA182D14D0}.Release|Any CPU.Build.0 = Release|Any CPU
		{72B093A4-B70E-4904-B877-8953832AEBC1}.Debug|Any CPU.ActiveCfg = Debug|Any CPU
		{72B093A4-B70E-4904-B877-8953832AEBC1}.Debug|Any CPU.Build.0 = Debug|Any CPU
		{72B093A4-B70E-4904-B877-8953832AEBC1}.Release|Any CPU.ActiveCfg = Release|Any CPU
		{72B093A4-B70E-4904-B877-8953832AEBC1}.Release|Any CPU.Build.0 = Release|Any CPU
		{13E92E54-BCC1-4A58-8E67-A352F4F9569D}.Debug|Any CPU.ActiveCfg = Debug|Any CPU
		{13E92E54-BCC1-4A58-8E67-A352F4F9569D}.Debug|Any CPU.Build.0 = Debug|Any CPU
		{13E92E54-BCC1-4A58-8E67-A352F4F9569D}.Release|Any CPU.ActiveCfg = Release|Any CPU
		{13E92E54-BCC1-4A58-8E67-A352F4F9569D}.Release|Any CPU.Build.0 = Release|Any CPU
		{70DD818B-8A48-4BF6-B3B8-E3076F0FDE61}.Debug|Any CPU.ActiveCfg = Debug|Any CPU
		{70DD818B-8A48-4BF6-B3B8-E3076F0FDE61}.Debug|Any CPU.Build.0 = Debug|Any CPU
		{70DD818B-8A48-4BF6-B3B8-E3076F0FDE61}.Release|Any CPU.ActiveCfg = Release|Any CPU
		{70DD818B-8A48-4BF6-B3B8-E3076F0FDE61}.Release|Any CPU.Build.0 = Release|Any CPU
		{EC7A2739-27AD-481E-9D4A-73BBC9FE78B8}.Debug|Any CPU.ActiveCfg = Debug|Any CPU
		{EC7A2739-27AD-481E-9D4A-73BBC9FE78B8}.Debug|Any CPU.Build.0 = Debug|Any CPU
		{EC7A2739-27AD-481E-9D4A-73BBC9FE78B8}.Release|Any CPU.ActiveCfg = Release|Any CPU
		{EC7A2739-27AD-481E-9D4A-73BBC9FE78B8}.Release|Any CPU.Build.0 = Release|Any CPU
		{C3D452E2-9B96-4FF2-8610-55BAA3112857}.Debug|Any CPU.ActiveCfg = Debug|Any CPU
		{C3D452E2-9B96-4FF2-8610-55BAA3112857}.Debug|Any CPU.Build.0 = Debug|Any CPU
		{C3D452E2-9B96-4FF2-8610-55BAA3112857}.Release|Any CPU.ActiveCfg = Release|Any CPU
		{C3D452E2-9B96-4FF2-8610-55BAA3112857}.Release|Any CPU.Build.0 = Release|Any CPU
		{2246BF28-022E-4B2F-A95C-B212B5BD1BE1}.Debug|Any CPU.ActiveCfg = Debug|Any CPU
		{2246BF28-022E-4B2F-A95C-B212B5BD1BE1}.Debug|Any CPU.Build.0 = Debug|Any CPU
		{2246BF28-022E-4B2F-A95C-B212B5BD1BE1}.Release|Any CPU.ActiveCfg = Release|Any CPU
		{2246BF28-022E-4B2F-A95C-B212B5BD1BE1}.Release|Any CPU.Build.0 = Release|Any CPU
	EndGlobalSection
	GlobalSection(SolutionProperties) = preSolution
		HideSolutionNode = FALSE
	EndGlobalSection
	GlobalSection(NestedProjects) = preSolution
		{2B7DC1DC-96A7-4B69-93BC-9415BC00568D} = {9AF38F99-BF64-41BC-9AE2-087475758191}
		{592DF3FF-7E8F-4AA9-B89A-F6146A0932D6} = {9AF38F99-BF64-41BC-9AE2-087475758191}
		{55B82E15-435A-4E1F-A469-92CD0C06D02E} = {592DF3FF-7E8F-4AA9-B89A-F6146A0932D6}
		{FA6921FF-1940-4258-AF75-F02B819FD3C4} = {55B82E15-435A-4E1F-A469-92CD0C06D02E}
		{9B4C2D63-4D1C-4804-9D13-EFBA182D14D0} = {2B7DC1DC-96A7-4B69-93BC-9415BC00568D}
		{72B093A4-B70E-4904-B877-8953832AEBC1} = {55B82E15-435A-4E1F-A469-92CD0C06D02E}
		{13E92E54-BCC1-4A58-8E67-A352F4F9569D} = {55B82E15-435A-4E1F-A469-92CD0C06D02E}
		{70DD818B-8A48-4BF6-B3B8-E3076F0FDE61} = {55B82E15-435A-4E1F-A469-92CD0C06D02E}
		{EC7A2739-27AD-481E-9D4A-73BBC9FE78B8} = {2B7DC1DC-96A7-4B69-93BC-9415BC00568D}
		{C3D452E2-9B96-4FF2-8610-55BAA3112857} = {2B7DC1DC-96A7-4B69-93BC-9415BC00568D}
		{139C64DC-2C1C-491B-A6BB-B73FB62B65B6} = {9AF38F99-BF64-41BC-9AE2-087475758191}
		{2246BF28-022E-4B2F-A95C-B212B5BD1BE1} = {2B7DC1DC-96A7-4B69-93BC-9415BC00568D}
	EndGlobalSection
EndGlobal
